
Microsoft Visual Studio Solution File, Format Version 12.00
# Visual Studio Version 17
VisualStudioVersion = 17.4.33110.190
MinimumVisualStudioVersion = 10.0.40219.1
Project("{FAE04EC0-301F-11D3-BF4B-00C04F79EFBC}") = "FiapSmartCityWebApi", "FiapSmartCityWebApi\FiapSmartCityWebApi.csproj", "{5CC9BC6F-4927-4F8B-AB71-CBACCAB7EB6A}"
EndProject
Global
	GlobalSection(SolutionConfigurationPlatforms) = preSolution
		Debug|Any CPU = Debug|Any CPU
		Release|Any CPU = Release|Any CPU
	EndGlobalSection
	GlobalSection(ProjectConfigurationPlatforms) = postSolution
		{5CC9BC6F-4927-4F8B-AB71-CBACCAB7EB6A}.Debug|Any CPU.ActiveCfg = Debug|Any CPU
		{5CC9BC6F-4927-4F8B-AB71-CBACCAB7EB6A}.Debug|Any CPU.Build.0 = Debug|Any CPU
		{5CC9BC6F-4927-4F8B-AB71-CBACCAB7EB6A}.Release|Any CPU.ActiveCfg = Release|Any CPU
		{5CC9BC6F-4927-4F8B-AB71-CBACCAB7EB6A}.Release|Any CPU.Build.0 = Release|Any CPU
	EndGlobalSection
	GlobalSection(SolutionProperties) = preSolution
		HideSolutionNode = FALSE
	EndGlobalSection
	GlobalSection(ExtensibilityGlobals) = postSolution
		SolutionGuid = {8010B140-18EE-4F26-B36B-CED0B63D0960}
	EndGlobalSection
EndGlobal
